
Microsoft Visual Studio Solution File, Format Version 12.00
# Visual Studio Version 16
VisualStudioVersion = 16.0.29519.181
MinimumVisualStudioVersion = 10.0.40219.1
Project("{FAE04EC0-301F-11D3-BF4B-00C04F79EFBC}") = "AddEventHandler", "AddEventHandler.csproj", "{D7D08F87-E9B5-4B35-9260-53A1C7318544}"
EndProject
Project("{FAE04EC0-301F-11D3-BF4B-00C04F79EFBC}") = "AddEventHandlerTest", "..\AddEventHandlerTest\AddEventHandlerTest.csproj", "{541A67E9-86F4-453F-B026-87C9CD59ACA7}"
EndProject
Global
	GlobalSection(SolutionConfigurationPlatforms) = preSolution
		Debug|Any CPU = Debug|Any CPU
		Release|Any CPU = Release|Any CPU
	EndGlobalSection
	GlobalSection(ProjectConfigurationPlatforms) = postSolution
		{D7D08F87-E9B5-4B35-9260-53A1C7318544}.Debug|Any CPU.ActiveCfg = Debug|Any CPU
		{D7D08F87-E9B5-4B35-9260-53A1C7318544}.Debug|Any CPU.Build.0 = Debug|Any CPU
		{D7D08F87-E9B5-4B35-9260-53A1C7318544}.Release|Any CPU.ActiveCfg = Release|Any CPU
		{D7D08F87-E9B5-4B35-9260-53A1C7318544}.Release|Any CPU.Build.0 = Release|Any CPU
		{541A67E9-86F4-453F-B026-87C9CD59ACA7}.Debug|Any CPU.ActiveCfg = Debug|Any CPU
		{541A67E9-86F4-453F-B026-87C9CD59ACA7}.Debug|Any CPU.Build.0 = Debug|Any CPU
		{541A67E9-86F4-453F-B026-87C9CD59ACA7}.Release|Any CPU.ActiveCfg = Release|Any CPU
		{541A67E9-86F4-453F-B026-87C9CD59ACA7}.Release|Any CPU.Build.0 = Release|Any CPU
	EndGlobalSection
	GlobalSection(SolutionProperties) = preSolution
		HideSolutionNode = FALSE
	EndGlobalSection
	GlobalSection(ExtensibilityGlobals) = postSolution
		SolutionGuid = {A75118A4-E03F-4637-99B2-039A071B780C}
	EndGlobalSection
EndGlobal
